
Microsoft Visual Studio Solution File, Format Version 12.00
# Visual Studio Version 17
VisualStudioVersion = 17.11.35312.102
MinimumVisualStudioVersion = 10.0.40219.1
Project("{FAE04EC0-301F-11D3-BF4B-00C04F79EFBC}") = "Laba 10", "Laba 10\Laba 10.csproj", "{200B0301-7D75-4A7F-8C6E-B9A9A9D7EE9A}"
EndProject
Global
	GlobalSection(SolutionConfigurationPlatforms) = preSolution
		Debug|Any CPU = Debug|Any CPU
		Release|Any CPU = Release|Any CPU
	EndGlobalSection
	GlobalSection(ProjectConfigurationPlatforms) = postSolution
		{200B0301-7D75-4A7F-8C6E-B9A9A9D7EE9A}.Debug|Any CPU.ActiveCfg = Debug|Any CPU
		{200B0301-7D75-4A7F-8C6E-B9A9A9D7EE9A}.Debug|Any CPU.Build.0 = Debug|Any CPU
		{200B0301-7D75-4A7F-8C6E-B9A9A9D7EE9A}.Release|Any CPU.ActiveCfg = Release|Any CPU
		{200B0301-7D75-4A7F-8C6E-B9A9A9D7EE9A}.Release|Any CPU.Build.0 = Release|Any CPU
	EndGlobalSection
	GlobalSection(SolutionProperties) = preSolution
		HideSolutionNode = FALSE
	EndGlobalSection
	GlobalSection(ExtensibilityGlobals) = postSolution
		SolutionGuid = {100716E3-B3F4-4EF1-89B5-FC356E7AB002}
	EndGlobalSection
EndGlobal
